
Microsoft Visual Studio Solution File, Format Version 12.00
# Visual Studio Version 17
VisualStudioVersion = 17.2.32630.192
MinimumVisualStudioVersion = 10.0.40219.1
Project("{FAE04EC0-301F-11D3-BF4B-00C04F79EFBC}") = "lessonConsoleApp", "lessonConsoleApp\lessonConsoleApp.csproj", "{65CF6401-4A8C-476B-98F1-57AA33E59523}"
EndProject
Global
	GlobalSection(SolutionConfigurationPlatforms) = preSolution
		Debug|Any CPU = Debug|Any CPU
		Release|Any CPU = Release|Any CPU
	EndGlobalSection
	GlobalSection(ProjectConfigurationPlatforms) = postSolution
		{65CF6401-4A8C-476B-98F1-57AA33E59523}.Debug|Any CPU.ActiveCfg = Debug|Any CPU
		{65CF6401-4A8C-476B-98F1-57AA33E59523}.Debug|Any CPU.Build.0 = Debug|Any CPU
		{65CF6401-4A8C-476B-98F1-57AA33E59523}.Release|Any CPU.ActiveCfg = Release|Any CPU
		{65CF6401-4A8C-476B-98F1-57AA33E59523}.Release|Any CPU.Build.0 = Release|Any CPU
	EndGlobalSection
	GlobalSection(SolutionProperties) = preSolution
		HideSolutionNode = FALSE
	EndGlobalSection
	GlobalSection(ExtensibilityGlobals) = postSolution
		SolutionGuid = {5F570EC0-93D5-40B5-B394-631D1620952C}
	EndGlobalSection
EndGlobal
